
Microsoft Visual Studio Solution File, Format Version 12.00
# Visual Studio Version 17
VisualStudioVersion = 17.12.35527.113 d17.12
MinimumVisualStudioVersion = 10.0.40219.1
Project("{FAE04EC0-301F-11D3-BF4B-00C04F79EFBC}") = "Api", "Product.Shuru\Api.csproj", "{11070438-AE78-4751-8C08-EE4DED7648DA}"
EndProject
Project("{FAE04EC0-301F-11D3-BF4B-00C04F79EFBC}") = "Domain", "Domain\Domain.csproj", "{C52B6E66-CC37-47BE-817A-8C34EC2F26A2}"
EndProject
Project("{FAE04EC0-301F-11D3-BF4B-00C04F79EFBC}") = "Infrastructure", "Infrastructure\Infrastructure.csproj", "{A57360C7-9E84-493E-82F7-4D6570EEE9AB}"
EndProject
Project("{FAE04EC0-301F-11D3-BF4B-00C04F79EFBC}") = "Tests", "Tests\Tests.csproj", "{65C49376-4AA0-4E3C-B2A7-9DCB66F51C64}"
EndProject
Global
	GlobalSection(SolutionConfigurationPlatforms) = preSolution
		Debug|Any CPU = Debug|Any CPU
		Release|Any CPU = Release|Any CPU
	EndGlobalSection
	GlobalSection(ProjectConfigurationPlatforms) = postSolution
		{11070438-AE78-4751-8C08-EE4DED7648DA}.Debug|Any CPU.ActiveCfg = Debug|Any CPU
		{11070438-AE78-4751-8C08-EE4DED7648DA}.Debug|Any CPU.Build.0 = Debug|Any CPU
		{11070438-AE78-4751-8C08-EE4DED7648DA}.Release|Any CPU.ActiveCfg = Release|Any CPU
		{11070438-AE78-4751-8C08-EE4DED7648DA}.Release|Any CPU.Build.0 = Release|Any CPU
		{C52B6E66-CC37-47BE-817A-8C34EC2F26A2}.Debug|Any CPU.ActiveCfg = Debug|Any CPU
		{C52B6E66-CC37-47BE-817A-8C34EC2F26A2}.Debug|Any CPU.Build.0 = Debug|Any CPU
		{C52B6E66-CC37-47BE-817A-8C34EC2F26A2}.Release|Any CPU.ActiveCfg = Release|Any CPU
		{C52B6E66-CC37-47BE-817A-8C34EC2F26A2}.Release|Any CPU.Build.0 = Release|Any CPU
		{A57360C7-9E84-493E-82F7-4D6570EEE9AB}.Debug|Any CPU.ActiveCfg = Debug|Any CPU
		{A57360C7-9E84-493E-82F7-4D6570EEE9AB}.Debug|Any CPU.Build.0 = Debug|Any CPU
		{A57360C7-9E84-493E-82F7-4D6570EEE9AB}.Release|Any CPU.ActiveCfg = Release|Any CPU
		{A57360C7-9E84-493E-82F7-4D6570EEE9AB}.Release|Any CPU.Build.0 = Release|Any CPU
		{65C49376-4AA0-4E3C-B2A7-9DCB66F51C64}.Debug|Any CPU.ActiveCfg = Debug|Any CPU
		{65C49376-4AA0-4E3C-B2A7-9DCB66F51C64}.Debug|Any CPU.Build.0 = Debug|Any CPU
		{65C49376-4AA0-4E3C-B2A7-9DCB66F51C64}.Release|Any CPU.ActiveCfg = Release|Any CPU
		{65C49376-4AA0-4E3C-B2A7-9DCB66F51C64}.Release|Any CPU.Build.0 = Release|Any CPU
	EndGlobalSection
	GlobalSection(SolutionProperties) = preSolution
		HideSolutionNode = FALSE
	EndGlobalSection
EndGlobal
